github.com/AndreasBriese/bbloom v0.0.0-20170702084017-28f7e881ca57 h1:CVuXDbdzPW0XCNYTldy5dQues57geAs+vfwz3FTTpy8=
github.com/AndreasBriese/bbloom v0.0.0-20170702084017-28f7e881ca57/go.mod h1:bOvUY6CB00SOBii9/FifXqc0awNKxLFCL/+pkDPuyl8=
github.com/agl/ed25519 v0.0.0-20170116200512-5312a6153412 h1:w1UutsfOrms1J05zt7ISrnJIXKzwaspym5BTKGx93EI=
github.com/agl/ed25519 v0.0.0-20170116200512-5312a6153412/go.mod h1:WPjqKcmVOxf0XSf3YxCJs6N6AOSrOx3obionmG7T0y0=
github.com/catherinejones/testdiff v0.0.0-20180525195050-ae148f75f077 h1:GV8omuWq6scPTDo0cILVF9ybKq8PAAb6yt+FD7TCQco=
github.com/catherinejones/testdiff v0.0.0-20180525195050-ae148f75f077/go.mod h1:ukHL533vuvYAv3Y/nFKxwRFzNpDu53eSzszG8MFLbWU=
github.com/cheekybits/is v0.0.0-20150225183255-68e9c0620927 h1:SKI1/fuSdodxmNNyVBR8d7X/HuLnRpvvFO0AgyQk764=
github.com/cheekybits/is v0.0.0-20150225183255-68e9c0620927/go.mod h1:h/aW8ynjgkuj+NQRlZcDbAbM1ORAbXjXX77sX7T289U=
github.com/cryptix/go v1.1.0/go.mod h1:hZFpNApUDJCk8Uh3wW0JWXA8nSJqlchDRT3iB+GdAUs=
github.com/cryptix/go v1.3.0/go.mod h1:mFQotm9rTzptzvNjJM+1vSIDa/rVOVqMu0889GIXg70=
github.com/cryptix/go v1.3.1/go.mod h1:mFQotm9rTzptzvNjJM+1vSIDa/rVOVqMu0889GIXg70=
github.com/cryptix/go v1.3.2 h1:c9gi2pYBszBeJBaW+98LCmtiix02sjpDDtCAICnsrz0=
github.com/cryptix/go v1.3.2/go.mod h1:mFQotm9rTzptzvNjJM+1vSIDa/rVOVqMu0889GIXg70=
github.com/davecgh/go-spew v1.1.0 h1:ZDRjVQ15GmhC3fiQ8ni8+OwkZQO4DARzQgrnXU1Liz8=
github.com/davecgh/go-spew v1.1.0/go.mod h1:J7Y8YcW2NihsgmVo/mv3lAwl/skON4iLHjSsI+c5H38=
github.com/dgraph-io/badger v1.3.0/go.mod h1:VZxzAIRPHRVNRKRo6AXrX9BJegn6il06VMTZVJYCIjQ=
github.com/dgraph-io/badger v1.5.3 h1:5oWIuRvwn93cie+OSt1zSnkaIQ1JFQM8bGlIv6O6Sts=
github.com/dgraph-io/badger v1.5.3/go.mod h1:VZxzAIRPHRVNRKRo6AXrX9BJegn6il06VMTZVJYCIjQ=
github.com/dgryski/go-farm v0.0.0-20180109070241-2de33835d102 h1:afESQBXJEnj3fu+34X//E8Wg3nEbMJxJkwSc0tPePK0=
github.com/dgryski/go-farm v0.0.0-20180109070241-2de33835d102/go.mod h1:SqUrOPUnsFjfmXRMNPybcSiG0BgUW2AuFH8PAnS2iTw=
github.com/go-kit/kit v0.6.0/go.mod h1:xBxKIO96dXMWWy0MnWVtmwkA9/13aqxPnvrjFYMA2as=
github.com/go-kit/kit v0.7.0 h1:ApufNmWF1H6/wUbAG81hZOHmqwd0zRf8mNfLjYj/064=
github.com/go-kit/kit v0.7.0/go.mod h1:xBxKIO96dXMWWy0MnWVtmwkA9/13aqxPnvrjFYMA2as=
github.com/go-logfmt/logfmt v0.3.0 h1:8HUsc87TaSWLKwrnumgC8/YconD2fJQsRJAsWaPg2ic=
github.com/go-logfmt/logfmt v0.3.0/go.mod h1:Qt1PoO58o5twSAckw1HlFXLmHsOX5/0LbT9GBnD5lWE=
github.com/go-stack/stack v1.7.0 h1:S04+lLfST9FvL8dl4R31wVUC/paZp/WQZbLmUgWboGw=
github.com/go-stack/stack v1.7.0/go.mod h1:v0f6uXyyMGvRgIKkXu+yp6POWl0qKG85gN/melR3HDY=
github.com/golang/protobuf v1.0.0 h1:lsek0oXi8iFE9L+EXARyHIjU5rlWIhhTkjDz3vHhWWQ=
github.com/golang/protobuf v1.0.0/go.mod h1:6lQm79b+lXiMfvg/cZm0SGofjICqVBUtrP5yJMmIC1U=
github.com/hashicorp/errwrap v1.0.0 h1:hLrqtEDnRye3+sgx6z4qVLNuviH3MR5aQ0ykNJa/UYA=
github.com/hashicorp/errwrap v1.0.0/go.mod h1:YH+1FKiLXxHSkmPseP+kNlulaMuP3n2brvKWEqk/Jc4=
github.com/hashicorp/go-multierror v1.0.0 h1:iVjPR7a6H0tWELX5NxNe7bYopibicUzc7uPribsnS6o=
github.com/hashicorp/go-multierror v1.0.0/go.mod h1:dHtQlpGsu+cZNNAkkCN/P3hoUDHhCYQXV3UM06sGGrk=
github.com/keks/nocomment v0.0.0-20180617194237-60ca4c966469 h1:IlcsbBp3EwPtl4QzTaAlkV3zla6jp2HE7MfJaK8jPxI=
github.com/keks/nocomment v0.0.0-20180617194237-60ca4c966469/go.mod h1:oLLUlGld/axGHThR36o8bADQUHG+TKSUdoKqCvnoQB4=
github.com/keks/persist v0.0.0-20180731151133-9546f7b3f97e h1:o/sy6yPOb1lu+gXaGGYYFSXxV5h96ps5CzprrMkhQ0o=
github.com/keks/persist v0.0.0-20180731151133-9546f7b3f97e/go.mod h1:KMIOJFEE+0E/mYfYExA9vOpCFDz4TQfzk6mCOtCXR9k=
github.com/kr/logfmt v0.0.0-20140226030751-b84e30acd515 h1:T+h1c/A9Gawja4Y9mFVWj2vyii2bbUNDw3kt9VxK2EY=
github.com/kr/logfmt v0.0.0-20140226030751-b84e30acd515/go.mod h1:+0opPa2QZZtGFBFZlji/RkVcI2GknAs/DXo4wKdlNEc=
github.com/kylelemons/godebug v0.0.0-20170820004349-d65d576e9348 h1:MtvEpTB6LX3vkb4ax0b5D2DHbNAUsen0Gx5wZoq3lV4=
github.com/kylelemons/godebug v0.0.0-20170820004349-d65d576e9348/go.mod h1:B69LEHPfb2qLo0BaaOLcbitczOKLWTsrBG9LczfCD4k=
github.com/mitchellh/mapstructure v0.0.0-20180715050151-f15292f7a699 h1:KXZJFdun9knAVAR8tg/aHJEr5DgtcbqyvzacK+CDCaI=
github.com/mitchellh/mapstructure v0.0.0-20180715050151-f15292f7a699/go.mod h1:FVVH3fgwuzCH5S8UJGiWEs2h04kUh9fWfEaFds41c1Y=
github.com/pkg/errors v0.8.0 h1:WdK/asTD0HN+q6hsWO3/vpuAkAr+tw6aNJNDFFf0+qw=
github.com/pkg/errors v0.8.0/go.mod h1:bwawxfHBFNV+L2hUp1rHADufV3IMtnDRdf1r5NINEl0=
github.com/pmezard/go-difflib v1.0.0 h1:4DBwDE0NGyQoBHbLQYPwSUPoCMWR5BEzIk/f1lZbAQM=
github.com/pmezard/go-difflib v1.0.0/go.mod h1:iKH77koFhYxTK1pcRnkKkqfTogsbg7gZNVY4sRDYZ/4=
github.com/sergi/go-diff v1.0.0 h1:Kpca3qRNrduNnOQeazBd0ysaKrUJiIuISHxogkT9RPQ=
github.com/sergi/go-diff v1.0.0/go.mod h1:0CfEIISq7TuYL3j771MWULgwwjU+GofnZX9QAmXWZgo=
github.com/shurcooL/go v0.0.0-20180423040247-9e1955d9fb6e h1:MZM7FHLqUHYI0Y/mQAt3d2aYa0SiNms/hFqC9qJYolM=
github.com/shurcooL/go v0.0.0-20180423040247-9e1955d9fb6e/go.mod h1:TDJrrUr11Vxrven61rcy3hJMUqaf/CLWYhHNPmT14Lk=
github.com/shurcooL/go-goon v0.0.0-20170922171312-37c2f522c041 h1:llrF3Fs4018ePo4+G/HV/uQUqEI1HMDjCeOf2V6puPc=
github.com/shurcooL/go-goon v0.0.0-20170922171312-37c2f522c041/go.mod h1:N5mDOmsrJOB+vfqUK+7DmDyjhSLIIBnXo9lvZJj3MWQ=
github.com/stretchr/testify v1.2.2 h1:bSDNvY7ZPG5RlJ8otE/7V6gMiyenm9RtJ7IUVIAoJ1w=
github.com/stretchr/testify v1.2.2/go.mod h1:a8OnRcib4nhh0OaRAV+Yts87kKdq0PP7pXfy6kDkUVs=
github.com/ugorji/go v1.1.1 h1:gmervu+jDMvXTbcHQ0pd2wee85nEoE0BsVyEuzkfK8w=
github.com/ugorji/go v1.1.1/go.mod h1:hnLbHMwcvSihnDhEfx2/BzKp2xb0Y+ErdfYcrs9tkJQ=
go.cryptoscope.co/librarian v0.1.0 h1:3wFzMJWc2bbEwsNhPiGm8cbeILhv59uinH4An1lH3PE=
go.cryptoscope.co/librarian v0.1.0/go.mod h1:dbua5pc7Vq/M0W5CJa/AJYdwlDRlgo2FKrB5tEm2NLc=
go.cryptoscope.co/librarian v1.0.0 h1:U7jgEhP59TtzUsVps4oqtqRfz90eL7xD+b8Jn83Y2FQ=
go.cryptoscope.co/librarian v1.0.0/go.mod h1:dbua5pc7Vq/M0W5CJa/AJYdwlDRlgo2FKrB5tEm2NLc=
go.cryptoscope.co/luigi v0.0.1/go.mod h1:bdU2SNXp28+MnejXrdgtWyLBd10ODLY5ZHzWSjewS04=
go.cryptoscope.co/luigi v0.2.0 h1:/GRrYnRbSt+7yP8qcwTb3kxy0PBq14ANztxxON8bOf8=
go.cryptoscope.co/luigi v0.2.0/go.mod h1:RFlNZMl3Ckc4jIPrLBn3WGwSgpzb0lGDIoGsmBSqEDY=
go.cryptoscope.co/luigi v0.3.0 h1:trTpKIWRcIaQpLZEpnuqi6OmVQd0gzrHa4d9avpkoZA=
go.cryptoscope.co/luigi v0.3.0/go.mod h1:RFlNZMl3Ckc4jIPrLBn3WGwSgpzb0lGDIoGsmBSqEDY=
go.cryptoscope.co/margaret v0.0.2 h1:NwU+gxKyLIoZx5gLCgmqkqBI10LZDuZZIRQ0Cf8TKMk=
go.cryptoscope.co/margaret v0.0.2/go.mod h1:YyxmwJ16ip+JnH4/M1ANyr8khrC9OnaDH3eOpR14o0M=
go.cryptoscope.co/margaret v0.0.6 h1:dHaID0m5xGUc2uR8w7+mIMBiye6TwkaT6Ami8fYpQXI=
go.cryptoscope.co/margaret v0.0.6/go.mod h1:W+Q6lvzHIrF8+Yt3dItHHsx2R9/Xvj/NkJGM8QLM2l4=
go.cryptoscope.co/muxrpc v0.0.0-20181007003539-601b7be81ee6 h1:5qfD/BXlgKUow/g1XEC2tQNmDLJUVilaOMh/am1t8p4=
go.cryptoscope.co/muxrpc v0.0.0-20181007003539-601b7be81ee6/go.mod h1:IXBvE9fZ+NNjD6PI8HTEROe0RV5HPb5yi7UEGcwBH+8=
go.cryptoscope.co/netwrap v0.0.0-20180427130219-dae5b5bc35c3 h1:jmVmhJws6zjq94Szb1ZCr3s0WRYCCfudWLuMwtbmY5o=
go.cryptoscope.co/netwrap v0.0.0-20180427130219-dae5b5bc35c3/go.mod h1:arPOz1SB/sunS41F1iBgMgkx4fRhKkG221uUMjzkAqc=
go.cryptoscope.co/secretstream v1.1.0 h1:8fKiiXt4PATt8DTs4AR9J3opk9qmjRR7JDAbsWkavig=
go.cryptoscope.co/secretstream v1.1.0/go.mod h1:8kC1tjMT+zjUJntfMg74sG3WUS9IRwPBzUBjJ3hUfS0=
golang.org/x/crypto v0.0.0-20180222182404-49796115aa4b/go.mod h1:6SG95UA2DQfeDnfUPMdvaQW0Q7yPrPDi9nlGo2tz2b4=
golang.org/x/crypto v0.0.0-20180808211826-de0752318171 h1:vYogbvSFj2YXcjQxFHu/rASSOt9sLytpCaSkiwQ135I=
golang.org/x/crypto v0.0.0-20180808211826-de0752318171/go.mod h1:6SG95UA2DQfeDnfUPMdvaQW0Q7yPrPDi9nlGo2tz2b4=
golang.org/x/exp v0.0.0-20180321215751-8460e604b9de h1:xSjD6HQTqT0H/k60N5yYBtnN1OEkVy7WIo/DYyxKRO0=
golang.org/x/exp v0.0.0-20180321215751-8460e604b9de/go.mod h1:CJ0aWSM057203Lf6IL+f9T1iT9GByDxfZKAQTCR3kQA=
golang.org/x/net v0.0.0-20180406214816-61147c48b25b h1:7rskAFQwNXGW6AD8E/6y0LDHW5mT9rsLD7ViLVFfh5w=
golang.org/x/net v0.0.0-20180406214816-61147c48b25b/go.mod h1:mL1N/T3taQHkDXs73rZJwtUhF3w3ftmwwsq0BUmARs4=
golang.org/x/sync v0.0.0-20180314180146-1d60e4601c6f h1:wMNYb4v58l5UBM7MYRLPG6ZhfOqbKu7X5eyFl8ZhKvA=
golang.org/x/sync v0.0.0-20180314180146-1d60e4601c6f/go.mod h1:RxMgew5VJxzue5/jJTE5uejpjVlOe/izrB70Jof72aM=
golang.org/x/sys v0.0.0-20180406135729-3b87a42e500a h1:DwI0ihryIiWlRUKL/ii7Snvn4LiL9TvMoVZq3qMbffg=
golang.org/x/sys v0.0.0-20180406135729-3b87a42e500a/go.mod h1:STP8DvDyc/dI5b8T5hshtkjS+E42TnysNCUPdjciGhY=
golang.org/x/text v0.3.0 h1:g61tztE5qeGQ89tm6NTjjM9VPIm088od1l6aSorWRWg=
golang.org/x/text v0.3.0/go.mod h1:NqM8EUOU14njkJ3fqMW+pc6Ldnwhi/IjpwHt7yyuwOQ=
golang.org/x/tools v0.0.0-20180525024113-a5b4c53f6e8b/go.mod h1:n7NCudcB/nEzxVGmLbDWY5pfWTLqBcC2KZ6jyYvM4mQ=
gonum.org/v1/gonum v0.0.0-20180827050814-95e9db9a70fd h1:e6k9XKLdRLX6HcHNxtbG5d/cmwcTogScdmWBoUy5/TY=
gonum.org/v1/gonum v0.0.0-20180827050814-95e9db9a70fd/go.mod h1:Y+Yx5eoAFn32cQvJDxZx5Dpnq+c3wtXuadVZAcxbbBo=
gonum.org/v1/netlib v0.0.0-20180816165226-ebcc3d2662d3 h1:4rNS4o1ZJGkBicts7UTCEjuP5+FXNKYqkMibESESFu8=
gonum.org/v1/netlib v0.0.0-20180816165226-ebcc3d2662d3/go.mod h1:wa6Ws7BG/ESfp6dHfk7C6KdzKA7wR7u/rKwOGE66zvw=
gopkg.in/urfave/cli.v2 v2.0.0-20180128182452-d3ae77c26ac8 h1:Ggy3mWN4l3PUFPfSG0YB3n5fVYggzysUmiUQ89SnX6Y=
gopkg.in/urfave/cli.v2 v2.0.0-20180128182452-d3ae77c26ac8/go.mod h1:cKXr3E0k4aosgycml1b5z33BVV6hai1Kh7uDgFOkbcs=
