{
  "requires": true,
  "lockfileVersion": 1,
  "dependencies": {
    "adm-zip": {
      "version": "github:rafaelc0sta/adm-zip#909bd609fcea32c25e217d06731d41e90c285397",
      "dev": true
    },
    "chloride": {
      "version": "2.2.9",
      "resolved": "https://registry.npmjs.org/chloride/-/chloride-2.2.9.tgz",
      "integrity": "sha512-5nXmworu/Mwelj96V1ho+vKSnb68oyZieoMeit5iUPQquIBypThYH2mpXcXnztN9ahV3xvOXvLpn3gGpIxHjrg==",
      "dev": true,
      "requires": {
        "is-electron": "2.1.0",
        "sodium-browserify": "1.2.4",
        "sodium-browserify-tweetnacl": "0.2.3",
        "sodium-chloride": "1.1.0",
        "sodium-native": "2.1.6"
      }
    },
    "chloride-test": {
      "version": "1.2.2",
      "resolved": "https://registry.npmjs.org/chloride-test/-/chloride-test-1.2.2.tgz",
      "integrity": "sha1-F4aGqF6SeARREulujHkXk/mhCuo=",
      "dev": true,
      "requires": {
        "json-buffer": "2.0.11"
      }
    },
    "cont": {
      "version": "1.0.3",
      "resolved": "https://registry.npmjs.org/cont/-/cont-1.0.3.tgz",
      "integrity": "sha1-aHTx6TX8qZ0EjK6qrZoK6wILzOA=",
      "dev": true,
      "requires": {
        "continuable": "1.2.0",
        "continuable-para": "1.2.0",
        "continuable-series": "1.2.0"
      }
    },
    "continuable": {
      "version": "1.2.0",
      "resolved": "https://registry.npmjs.org/continuable/-/continuable-1.2.0.tgz",
      "integrity": "sha1-CCd0aNQRNiAAdMz4cpQwjRafJbY=",
      "dev": true
    },
    "continuable-hash": {
      "version": "0.1.4",
      "resolved": "https://registry.npmjs.org/continuable-hash/-/continuable-hash-0.1.4.tgz",
      "integrity": "sha1-gcdNQXcdjJJ4Ph4A5fEbNNbfx4w=",
      "dev": true,
      "requires": {
        "continuable": "1.1.8"
      },
      "dependencies": {
        "continuable": {
          "version": "1.1.8",
          "resolved": "https://registry.npmjs.org/continuable/-/continuable-1.1.8.tgz",
          "integrity": "sha1-3Id7R0FghwrjvN6HM2Jo6+UFl9U=",
          "dev": true
        }
      }
    },
    "continuable-list": {
      "version": "0.1.6",
      "resolved": "https://registry.npmjs.org/continuable-list/-/continuable-list-0.1.6.tgz",
      "integrity": "sha1-h88G7FgHFuEN/5X7C4TF8OisrF8=",
      "dev": true,
      "requires": {
        "continuable": "1.1.8"
      },
      "dependencies": {
        "continuable": {
          "version": "1.1.8",
          "resolved": "https://registry.npmjs.org/continuable/-/continuable-1.1.8.tgz",
          "integrity": "sha1-3Id7R0FghwrjvN6HM2Jo6+UFl9U=",
          "dev": true
        }
      }
    },
    "continuable-para": {
      "version": "1.2.0",
      "resolved": "https://registry.npmjs.org/continuable-para/-/continuable-para-1.2.0.tgz",
      "integrity": "sha1-RFUQ9klFndD8NchyAVFGEicxxYM=",
      "dev": true,
      "requires": {
        "continuable-hash": "0.1.4",
        "continuable-list": "0.1.6"
      }
    },
    "continuable-series": {
      "version": "1.2.0",
      "resolved": "https://registry.npmjs.org/continuable-series/-/continuable-series-1.2.0.tgz",
      "integrity": "sha1-MkM5euk6cdZVswJoNKUVkLlYueg=",
      "dev": true
    },
    "deep-equal": {
      "version": "1.0.1",
      "resolved": "https://registry.npmjs.org/deep-equal/-/deep-equal-1.0.1.tgz",
      "integrity": "sha1-9dJgKStmDghO/0zbyfCK0yR0SLU=",
      "dev": true
    },
    "deep-extend": {
      "version": "0.4.2",
      "resolved": "https://registry.npmjs.org/deep-extend/-/deep-extend-0.4.2.tgz",
      "integrity": "sha1-SLaZwn4zS/ifEIkr5DL25MfTSn8=",
      "dev": true
    },
    "ed2curve": {
      "version": "0.1.4",
      "resolved": "https://registry.npmjs.org/ed2curve/-/ed2curve-0.1.4.tgz",
      "integrity": "sha1-lKRCSLuH2jXbDv968KpXYWgRf1k=",
      "dev": true,
      "requires": {
        "tweetnacl": "0.14.5"
      }
    },
    "explain-error": {
      "version": "1.0.4",
      "resolved": "https://registry.npmjs.org/explain-error/-/explain-error-1.0.4.tgz",
      "integrity": "sha1-p5PTrAytTGq1cemWj7urbLJTKSk=",
      "dev": true
    },
    "increment-buffer": {
      "version": "1.0.1",
      "resolved": "https://registry.npmjs.org/increment-buffer/-/increment-buffer-1.0.1.tgz",
      "integrity": "sha1-ZQdtdRidgIs5rROrW5WOBSFvng0=",
      "dev": true
    },
    "inherits": {
      "version": "2.0.3",
      "resolved": "https://registry.npmjs.org/inherits/-/inherits-2.0.3.tgz",
      "integrity": "sha1-Yzwsg+PaQqUC9SRmAiSA9CCCYd4=",
      "dev": true
    },
    "ini": {
      "version": "1.3.5",
      "resolved": "https://registry.npmjs.org/ini/-/ini-1.3.5.tgz",
      "integrity": "sha512-RZY5huIKCMRWDUqZlEi72f/lmXKMvuszcMBduliQ3nnWbx9X/ZBQO7DijMEYS9EhHBb2qacRUMtC7svLwe0lcw==",
      "dev": true
    },
    "ip": {
      "version": "1.1.5",
      "resolved": "https://registry.npmjs.org/ip/-/ip-1.1.5.tgz",
      "integrity": "sha1-vd7XARQpCCjAoDnnLvJfWq7ENUo=",
      "dev": true
    },
    "is-electron": {
      "version": "2.1.0",
      "resolved": "https://registry.npmjs.org/is-electron/-/is-electron-2.1.0.tgz",
      "integrity": "sha512-dkg5xT383+M6zIbbXW/z7n2nz4SFUi2OSyhntnFYkRdtV+HVEfdjEK+5AWisfYgkpe3WYjTIuh7toaKmSfFVWw==",
      "dev": true
    },
    "is-valid-domain": {
      "version": "0.0.5",
      "resolved": "https://registry.npmjs.org/is-valid-domain/-/is-valid-domain-0.0.5.tgz",
      "integrity": "sha1-SOcDGfy0MAkjbpazf5hDiJzntRM=",
      "dev": true
    },
    "json-buffer": {
      "version": "2.0.11",
      "resolved": "https://registry.npmjs.org/json-buffer/-/json-buffer-2.0.11.tgz",
      "integrity": "sha1-PkQf2jCYvo0eMXGtWRvGKjPi1V8=",
      "dev": true
    },
    "libsodium": {
      "version": "0.7.3",
      "resolved": "https://registry.npmjs.org/libsodium/-/libsodium-0.7.3.tgz",
      "integrity": "sha512-ld+deUNqSsZYbAobUs63UyduPq8ICp/Ul/5lbvBIYpuSNWpPRU0PIxbW+xXipVZtuopR6fIz9e0tTnNuPMNeqw==",
      "dev": true
    },
    "libsodium-wrappers": {
      "version": "0.7.3",
      "resolved": "https://registry.npmjs.org/libsodium-wrappers/-/libsodium-wrappers-0.7.3.tgz",
      "integrity": "sha512-dw5Jh6TZ5qc5rQVZe3JrSO/J05CE+DmAPnqD7Q2glBUE969xZ6o3fchnUxyPlp6ss3x0MFxmdJntveFN+XTg1g==",
      "dev": true,
      "requires": {
        "libsodium": "0.7.3"
      }
    },
    "looper": {
      "version": "3.0.0",
      "resolved": "https://registry.npmjs.org/looper/-/looper-3.0.0.tgz",
      "integrity": "sha1-LvpUw7HLq6m5Su4uWRSwvlf7t0k=",
      "dev": true
    },
    "minimist": {
      "version": "1.2.0",
      "resolved": "https://registry.npmjs.org/minimist/-/minimist-1.2.0.tgz",
      "integrity": "sha1-o1AIsg9BOD7sH7kU9M1d95omQoQ=",
      "dev": true
    },
    "mkdirp": {
      "version": "0.5.1",
      "resolved": "https://registry.npmjs.org/mkdirp/-/mkdirp-0.5.1.tgz",
      "integrity": "sha1-MAV0OOrGz3+MR2fzhkjWaX11yQM=",
      "dev": true,
      "requires": {
        "minimist": "0.0.8"
      },
      "dependencies": {
        "minimist": {
          "version": "0.0.8",
          "resolved": "https://registry.npmjs.org/minimist/-/minimist-0.0.8.tgz",
          "integrity": "sha1-hX/Kv8M5fSYluCKCYuhqp6ARsF0=",
          "dev": true
        }
      }
    },
    "monotonic-timestamp": {
      "version": "0.0.9",
      "resolved": "https://registry.npmjs.org/monotonic-timestamp/-/monotonic-timestamp-0.0.9.tgz",
      "integrity": "sha1-W6Wtx6rIXh1853voRxYe0kazlgM=",
      "dev": true
    },
    "multicb": {
      "version": "1.2.2",
      "resolved": "https://registry.npmjs.org/multicb/-/multicb-1.2.2.tgz",
      "integrity": "sha512-PZM4dhYFmCF6uZGWpEmoPMUqJBywS9IcAgybT2GmSpYI1BvGvoWSdbio+ik+q/YD2vodhvslESWIS3NnkKYdqQ==",
      "dev": true
    },
    "multiserver": {
      "version": "1.12.0",
      "resolved": "https://registry.npmjs.org/multiserver/-/multiserver-1.12.0.tgz",
      "integrity": "sha512-vyoVDqxiJabvepIKYN2+lYcPDcV5/de54kWXg1nYa1VK0NMJZ+gVIS6bLnQ9FmNzOxpCmVrVOkaQ0pMlMic5Ow==",
      "dev": true,
      "requires": {
        "pull-cat": "1.1.11",
        "pull-stream": "3.6.7",
        "pull-ws": "3.3.1",
        "secret-handshake": "1.1.13",
        "separator-escape": "0.0.0",
        "socks": "1.1.9",
        "stream-to-pull-stream": "1.7.2"
      }
    },
    "muxrpc": {
      "version": "6.4.0",
      "resolved": "https://registry.npmjs.org/muxrpc/-/muxrpc-6.4.0.tgz",
      "integrity": "sha1-JPfaBpvUYpsHfpk7BXeUKyaI6ug=",
      "dev": true,
      "requires": {
        "explain-error": "1.0.4",
        "packet-stream": "2.0.4",
        "packet-stream-codec": "1.1.2",
        "pull-goodbye": "0.0.2",
        "pull-stream": "3.6.7"
      }
    },
    "nan": {
      "version": "2.10.0",
      "resolved": "https://registry.npmjs.org/nan/-/nan-2.10.0.tgz",
      "integrity": "sha512-bAdJv7fBLhWC+/Bls0Oza+mvTaNQtP+1RyhhhvD95pgUJz6XM5IzgmxOkItJ9tkoCiplvAnXI1tNmmUD/eScyA==",
      "dev": true,
      "optional": true
    },
    "node-gyp-build": {
      "version": "3.3.0",
      "resolved": "https://registry.npmjs.org/node-gyp-build/-/node-gyp-build-3.3.0.tgz",
      "integrity": "sha512-SNtBzznpPggc7mY8XTfnYBywd9OGN99bwnxGKFqud9erYJMbwnJn6B8HXER2dy8iOYr6Nf2SzBQoJjV8gdM4Nw==",
      "dev": true,
      "optional": true
    },
    "non-private-ip": {
      "version": "1.4.3",
      "resolved": "https://registry.npmjs.org/non-private-ip/-/non-private-ip-1.4.3.tgz",
      "integrity": "sha1-UsrysFOxU6vCKFbr3lOuAJPAYKU=",
      "dev": true,
      "requires": {
        "ip": "0.3.3"
      },
      "dependencies": {
        "ip": {
          "version": "0.3.3",
          "resolved": "https://registry.npmjs.org/ip/-/ip-0.3.3.tgz",
          "integrity": "sha1-jugwnpLwsEDSh/cu+soaIXAtP7Q=",
          "dev": true
        }
      }
    },
    "options": {
      "version": "0.0.6",
      "resolved": "https://registry.npmjs.org/options/-/options-0.0.6.tgz",
      "integrity": "sha1-7CLTEoBrtT5zF3Pnza788cZDEo8=",
      "dev": true
    },
    "os-homedir": {
      "version": "1.0.2",
      "resolved": "https://registry.npmjs.org/os-homedir/-/os-homedir-1.0.2.tgz",
      "integrity": "sha1-/7xJiDNuDoM94MFox+8VISGqf7M=",
      "dev": true
    },
    "packet-stream": {
      "version": "2.0.4",
      "resolved": "https://registry.npmjs.org/packet-stream/-/packet-stream-2.0.4.tgz",
      "integrity": "sha512-7+oxHdMMs6VhLvvbrDUc8QNuelE9fPKLDdToXBIKLPKOlnoBeMim+/35edp+AnFTLzk3xcogVvQ/jrZyyGsEiw==",
      "dev": true
    },
    "packet-stream-codec": {
      "version": "1.1.2",
      "resolved": "https://registry.npmjs.org/packet-stream-codec/-/packet-stream-codec-1.1.2.tgz",
      "integrity": "sha1-ebMC/BRM37tKtv66cEDmpdmcecc=",
      "dev": true,
      "requires": {
        "pull-reader": "1.2.9",
        "pull-through": "1.0.18"
      }
    },
    "private-box": {
      "version": "0.2.1",
      "resolved": "https://registry.npmjs.org/private-box/-/private-box-0.2.1.tgz",
      "integrity": "sha1-HfBhr8pbMDnH/qrdDa8PVvB+PsA=",
      "dev": true,
      "requires": {
        "chloride": "2.2.9"
      }
    },
    "pull-box-stream": {
      "version": "1.0.13",
      "resolved": "https://registry.npmjs.org/pull-box-stream/-/pull-box-stream-1.0.13.tgz",
      "integrity": "sha1-w+JAOY6rP1lRsu0QeMWYi/egork=",
      "dev": true,
      "requires": {
        "chloride": "2.2.9",
        "increment-buffer": "1.0.1",
        "pull-reader": "1.2.9",
        "pull-stream": "3.6.7",
        "pull-through": "1.0.18",
        "split-buffer": "1.0.0"
      }
    },
    "pull-cat": {
      "version": "1.1.11",
      "resolved": "https://registry.npmjs.org/pull-cat/-/pull-cat-1.1.11.tgz",
      "integrity": "sha1-tkLdElXaN2pwa220+pYvX9t0wxs=",
      "dev": true
    },
    "pull-catch": {
      "version": "1.0.0",
      "resolved": "https://registry.npmjs.org/pull-catch/-/pull-catch-1.0.0.tgz",
      "integrity": "sha1-9YA361woLMtQavn3awAn0zkx5Is=",
      "dev": true
    },
    "pull-goodbye": {
      "version": "0.0.2",
      "resolved": "https://registry.npmjs.org/pull-goodbye/-/pull-goodbye-0.0.2.tgz",
      "integrity": "sha1-jYNX21XiKnEN//DxaoyQtF7+QXE=",
      "dev": true,
      "requires": {
        "pull-stream": "3.5.0"
      },
      "dependencies": {
        "pull-stream": {
          "version": "3.5.0",
          "resolved": "https://registry.npmjs.org/pull-stream/-/pull-stream-3.5.0.tgz",
          "integrity": "sha1-HuW292/Ts6SaWvtt7VwDIKyzz8c=",
          "dev": true
        }
      }
    },
    "pull-handshake": {
      "version": "1.1.4",
      "resolved": "https://registry.npmjs.org/pull-handshake/-/pull-handshake-1.1.4.tgz",
      "integrity": "sha1-YACg/QGIhM39c3JU+Mxgqypjd5E=",
      "dev": true,
      "requires": {
        "pull-cat": "1.1.11",
        "pull-pair": "1.1.0",
        "pull-pushable": "2.2.0",
        "pull-reader": "1.2.9"
      }
    },
    "pull-hash": {
      "version": "1.0.0",
      "resolved": "https://registry.npmjs.org/pull-hash/-/pull-hash-1.0.0.tgz",
      "integrity": "sha1-/K1NJQe/LCsyMfZT3Jv7LbTw2Iw=",
      "dev": true
    },
    "pull-pair": {
      "version": "1.1.0",
      "resolved": "https://registry.npmjs.org/pull-pair/-/pull-pair-1.1.0.tgz",
      "integrity": "sha1-fuQnJj/fTaglOXrAoF4atLdL120=",
      "dev": true
    },
    "pull-pushable": {
      "version": "2.2.0",
      "resolved": "https://registry.npmjs.org/pull-pushable/-/pull-pushable-2.2.0.tgz",
      "integrity": "sha1-Xy867UethpGfAbEqLpnW8b13ZYE=",
      "dev": true
    },
    "pull-reader": {
      "version": "1.2.9",
      "resolved": "https://registry.npmjs.org/pull-reader/-/pull-reader-1.2.9.tgz",
      "integrity": "sha1-0umtALz7VOYqpm1Cwtu8tetoQ7A=",
      "dev": true
    },
    "pull-stream": {
      "version": "3.6.7",
      "resolved": "https://registry.npmjs.org/pull-stream/-/pull-stream-3.6.7.tgz",
      "integrity": "sha512-XdE2/o1I2lK7A+sbbA/HjYnd5Xk7wL5CwAKzqHIgcBsluDb0LiKHNTl1K0it3/RKPshQljLf4kl1aJ12YsCCGQ==",
      "dev": true
    },
    "pull-through": {
      "version": "1.0.18",
      "resolved": "https://registry.npmjs.org/pull-through/-/pull-through-1.0.18.tgz",
      "integrity": "sha1-jdYjFCY+Wc9Qlur7sSeitu8xBzU=",
      "dev": true,
      "requires": {
        "looper": "3.0.0"
      }
    },
    "pull-ws": {
      "version": "3.3.1",
      "resolved": "https://registry.npmjs.org/pull-ws/-/pull-ws-3.3.1.tgz",
      "integrity": "sha512-kJodbLQT+oKjcRIQO+vQNw6xWBuEo7Kxp51VMOvb6cvPvHYA+aNLzm+NmkB/5dZwbuTRYGMal9QPvH52tzM1ZA==",
      "dev": true,
      "requires": {
        "relative-url": "1.0.2",
        "safe-buffer": "5.1.2",
        "ws": "1.1.5"
      }
    },
    "rc": {
      "version": "1.2.7",
      "resolved": "https://registry.npmjs.org/rc/-/rc-1.2.7.tgz",
      "integrity": "sha512-LdLD8xD4zzLsAT5xyushXDNscEjB7+2ulnl8+r1pnESlYtlJtVSoCMBGr30eDRJ3+2Gq89jK9P9e4tCEH1+ywA==",
      "dev": true,
      "requires": {
        "deep-extend": "0.5.1",
        "ini": "1.3.5",
        "minimist": "1.2.0",
        "strip-json-comments": "2.0.1"
      },
      "dependencies": {
        "deep-extend": {
          "version": "0.5.1",
          "resolved": "https://registry.npmjs.org/deep-extend/-/deep-extend-0.5.1.tgz",
          "integrity": "sha512-N8vBdOa+DF7zkRrDCsaOXoCs/E2fJfx9B9MrKnnSiHNh4ws7eSys6YQE4KvT1cecKmOASYQBhbKjeuDD9lT81w==",
          "dev": true
        }
      }
    },
    "relative-url": {
      "version": "1.0.2",
      "resolved": "https://registry.npmjs.org/relative-url/-/relative-url-1.0.2.tgz",
      "integrity": "sha1-0hxSpy1gYQGLzun5yfwQa/fWUoc=",
      "dev": true
    },
    "safe-buffer": {
      "version": "5.1.2",
      "resolved": "https://registry.npmjs.org/safe-buffer/-/safe-buffer-5.1.2.tgz",
      "integrity": "sha512-Gd2UZBJDkXlY7GbJxfsE8/nvKkUEU1G38c1siN6QP6a9PT9MmHB8GnpscSmMJSoF8LOIrt8ud/wPtojys4G6+g==",
      "dev": true
    },
    "secret-handshake": {
      "version": "1.1.13",
      "resolved": "https://registry.npmjs.org/secret-handshake/-/secret-handshake-1.1.13.tgz",
      "integrity": "sha512-jDpA1kPJGg+jEUOZGvqksQFGPWIx0aA96HpjU+AqIBKIKzmvZeOq0Lfl/XqVC5jviWTVZZM2B8+NqYR38Blz8A==",
      "dev": true,
      "requires": {
        "chloride": "2.2.9",
        "deep-equal": "1.0.1",
        "pull-box-stream": "1.0.13",
        "pull-handshake": "1.1.4",
        "pull-stream": "3.6.7"
      }
    },
    "separator-escape": {
      "version": "0.0.0",
      "resolved": "https://registry.npmjs.org/separator-escape/-/separator-escape-0.0.0.tgz",
      "integrity": "sha1-5DNnaTICBFTjwUhwxRfqHeVsL6Q=",
      "dev": true
    },
    "sha.js": {
      "version": "2.4.5",
      "resolved": "https://registry.npmjs.org/sha.js/-/sha.js-2.4.5.tgz",
      "integrity": "sha1-J9Fx78yCoRi5ljn/WBZgJCtQbnw=",
      "dev": true,
      "requires": {
        "inherits": "2.0.3"
      }
    },
    "smart-buffer": {
      "version": "1.1.15",
      "resolved": "https://registry.npmjs.org/smart-buffer/-/smart-buffer-1.1.15.tgz",
      "integrity": "sha1-fxFLW2X6s+KjWqd1uxLw0cZJvxY=",
      "dev": true
    },
    "socks": {
      "version": "1.1.9",
      "resolved": "https://registry.npmjs.org/socks/-/socks-1.1.9.tgz",
      "integrity": "sha1-Yo1+TQSRJDVEWsC25Fk3bLPm1pE=",
      "dev": true,
      "requires": {
        "ip": "1.1.5",
        "smart-buffer": "1.1.15"
      }
    },
    "sodium-browserify": {
      "version": "1.2.4",
      "resolved": "https://registry.npmjs.org/sodium-browserify/-/sodium-browserify-1.2.4.tgz",
      "integrity": "sha512-IYcxKje/uf/c3a7VhZYJLlUxWMcktfbD4AjqHjUD1/VWKjj0Oq5wNbX8wjJOWVO9UhUMqJQiOn2xFbzKWBmy5w==",
      "dev": true,
      "requires": {
        "libsodium-wrappers": "0.7.3",
        "sha.js": "2.4.5",
        "sodium-browserify-tweetnacl": "0.2.3",
        "tweetnacl": "0.14.5"
      }
    },
    "sodium-browserify-tweetnacl": {
      "version": "0.2.3",
      "resolved": "https://registry.npmjs.org/sodium-browserify-tweetnacl/-/sodium-browserify-tweetnacl-0.2.3.tgz",
      "integrity": "sha1-tVN//LufdOvEQ7i2ohGykej8vI4=",
      "dev": true,
      "requires": {
        "chloride-test": "1.2.2",
        "ed2curve": "0.1.4",
        "sha.js": "2.4.11",
        "tweetnacl": "0.14.5",
        "tweetnacl-auth": "0.3.1"
      },
      "dependencies": {
        "sha.js": {
          "version": "2.4.11",
          "resolved": "https://registry.npmjs.org/sha.js/-/sha.js-2.4.11.tgz",
          "integrity": "sha512-QMEp5B7cftE7APOjk5Y6xgrbWu+WkLVQwk8JNjZ8nKRciZaByEW6MubieAiToS7+dwvrjGhH8jRXz3MVd0AYqQ==",
          "dev": true,
          "requires": {
            "inherits": "2.0.3",
            "safe-buffer": "5.1.2"
          }
        }
      }
    },
    "sodium-chloride": {
      "version": "1.1.0",
      "resolved": "https://registry.npmjs.org/sodium-chloride/-/sodium-chloride-1.1.0.tgz",
      "integrity": "sha1-JHojS4iGf23/UTMrYF8ZOmW/aDk=",
      "dev": true
    },
    "sodium-native": {
      "version": "2.1.6",
      "resolved": "https://registry.npmjs.org/sodium-native/-/sodium-native-2.1.6.tgz",
      "integrity": "sha512-vfovcNlU8C93SbeNoGSAdW5zVOTlrh1sTy+TzdC2FhDTE/IUK6j4ML5gdr/qziLz4XRT4EQWJvbFzql6CAAH/A==",
      "dev": true,
      "optional": true,
      "requires": {
        "ini": "1.3.5",
        "nan": "2.10.0",
        "node-gyp-build": "3.3.0"
      }
    },
    "split-buffer": {
      "version": "1.0.0",
      "resolved": "https://registry.npmjs.org/split-buffer/-/split-buffer-1.0.0.tgz",
      "integrity": "sha1-t+jgq1E0UVi3LB9tvvJAbVHx0Cc=",
      "dev": true
    },
    "ssb-client": {
      "version": "4.5.7",
      "resolved": "https://registry.npmjs.org/ssb-client/-/ssb-client-4.5.7.tgz",
      "integrity": "sha512-mEOyMlX6sGEUStU02vdSPD4j9ZRQQe3WCQwZCtgOkkrJpp7ARHxC0dx8ahumyq/vUIYWqQSAHHMD0+R63GmpGg==",
      "dev": true,
      "requires": {
        "explain-error": "1.0.4",
        "multicb": "1.2.2",
        "multiserver": "1.12.0",
        "muxrpc": "6.4.0",
        "pull-hash": "1.0.0",
        "pull-stream": "3.6.7",
        "ssb-config": "2.2.0",
        "ssb-keys": "7.0.15"
      }
    },
    "ssb-config": {
      "version": "2.2.0",
      "resolved": "https://registry.npmjs.org/ssb-config/-/ssb-config-2.2.0.tgz",
      "integrity": "sha1-QcrQOKhXWvQGLT/VfTsWe+hbA7w=",
      "dev": true,
      "requires": {
        "deep-extend": "0.4.2",
        "non-private-ip": "1.4.3",
        "os-homedir": "1.0.2",
        "rc": "1.2.7"
      }
    },
    "ssb-feed": {
      "version": "2.3.0",
      "resolved": "https://registry.npmjs.org/ssb-feed/-/ssb-feed-2.3.0.tgz",
      "integrity": "sha1-uE6OApeg9ZBMTPWiAvdroeB40Ec=",
      "dev": true,
      "requires": {
        "cont": "1.0.3",
        "monotonic-timestamp": "0.0.9",
        "pull-stream": "3.6.7",
        "ssb-keys": "7.0.15",
        "ssb-ref": "2.11.1"
      }
    },
    "ssb-keys": {
      "version": "7.0.15",
      "resolved": "https://registry.npmjs.org/ssb-keys/-/ssb-keys-7.0.15.tgz",
      "integrity": "sha512-HdfxqFWZWO3PkD9I3BUvELidN67SxfTcbtLKHB09fboDVDgte6Yl8Vte/1Ld9uSVLRSsDm/PFZWGJe+Bm2PBFg==",
      "dev": true,
      "requires": {
        "chloride": "2.2.9",
        "mkdirp": "0.5.1",
        "private-box": "0.2.1"
      }
    },
    "ssb-ref": {
      "version": "2.11.1",
      "resolved": "https://registry.npmjs.org/ssb-ref/-/ssb-ref-2.11.1.tgz",
      "integrity": "sha512-K3L9hJ1v0HrH8abtEKiBkdeabHVaws+CS81mZqUfhR84i0dlYhiIIDwqeLxUj/1mLcsZPF3gMKPsFCUr7UAdMA==",
      "dev": true,
      "requires": {
        "ip": "1.1.5",
        "is-valid-domain": "0.0.5"
      }
    },
    "stream-to-pull-stream": {
      "version": "1.7.2",
      "resolved": "https://registry.npmjs.org/stream-to-pull-stream/-/stream-to-pull-stream-1.7.2.tgz",
      "integrity": "sha1-dXYJrhzr0zx0MtSvvjH/eGULnd4=",
      "dev": true,
      "requires": {
        "looper": "3.0.0",
        "pull-stream": "3.6.7"
      }
    },
    "strip-json-comments": {
      "version": "2.0.1",
      "resolved": "https://registry.npmjs.org/strip-json-comments/-/strip-json-comments-2.0.1.tgz",
      "integrity": "sha1-PFMZQukIwml8DsNEhYwobHygpgo=",
      "dev": true
    },
    "tweetnacl": {
      "version": "0.14.5",
      "resolved": "https://registry.npmjs.org/tweetnacl/-/tweetnacl-0.14.5.tgz",
      "integrity": "sha1-WuaBd/GS1EViadEIr6k/+HQ/T2Q=",
      "dev": true
    },
    "tweetnacl-auth": {
      "version": "0.3.1",
      "resolved": "https://registry.npmjs.org/tweetnacl-auth/-/tweetnacl-auth-0.3.1.tgz",
      "integrity": "sha1-t1vC3xVkm7hOi5qjwGacbEvODSU=",
      "dev": true,
      "requires": {
        "tweetnacl": "0.14.5"
      }
    },
    "ultron": {
      "version": "1.0.2",
      "resolved": "https://registry.npmjs.org/ultron/-/ultron-1.0.2.tgz",
      "integrity": "sha1-rOEWq1V80Zc4ak6I9GhTeMiy5Po=",
      "dev": true
    },
    "ws": {
      "version": "1.1.5",
      "resolved": "https://registry.npmjs.org/ws/-/ws-1.1.5.tgz",
      "integrity": "sha512-o3KqipXNUdS7wpQzBHSe180lBGO60SoK0yVo3CYJgb2MkobuWuBX6dhkYP5ORCLd55y+SaflMOV5fqAB53ux4w==",
      "dev": true,
      "requires": {
        "options": "0.0.6",
        "ultron": "1.0.2"
      }
    }
  }
}
